// !$*UTF8*$!
{
	archiveVersion = 1;
	classes = {
	};
	objectVersion = 77;
	objects = {

/* Begin PBXContainerItemProxy section */
		CC6DF2FF2F4C247000909430 /* PBXContainerItemProxy */ = {
			isa = PBXContainerItemProxy;
			containerPortal = CC6DF2E62F4C246E00909430 /* Project object */;
			proxyType = 1;
			remoteGlobalIDString = CC6DF2ED2F4C246E00909430;
			remoteInfo = DocUpdate;
		};
		CC6DF3092F4C247000909430 /* PBXContainerItemProxy */ = {
			isa = PBXContainerItemProxy;
			containerPortal = CC6DF2E62F4C246E00909430 /* Project object */;
			proxyType = 1;
			remoteGlobalIDString = CC6DF2ED2F4C246E00909430;
			remoteInfo = DocUpdate;
		};
/* End PBXContainerItemProxy section */

/* Begin PBXFileReference section */
		CC6DF2EE2F4C246E00909430 /* DocUpdate.app */ = {isa = PBXFileReference; explicitFileType = wrapper.application; includeInIndex = 0; path = DocUpdate.app; sourceTree = BUILT_PRODUCTS_DIR; };
		CC6DF2FE2F4C247000909430 /* DocUpdateTests.xctest */ = {isa = PBXFileReference; explicitFileType = wrapper.cfbundle; includeInIndex = 0; path = DocUpdateTests.xctest; sourceTree = BUILT_PRODUCTS_DIR; };
		CC6DF3082F4C247000909430 /* DocUpdateUITests.xctest */ = {isa = PBXFileReference; explicitFileType = wrapper.cfbundle; includeInIndex = 0; path = DocUpdateUITests.xctest; sourceTree = BUILT_PRODUCTS_DIR; };
/* End PBXFileReference section */

/* Begin PBXFileSystemSynchronizedRootGroup section */
		CC6DF2F02F4C246E00909430 /* DocUpdate */ = {
			isa = PBXFileSystemSynchronizedRootGroup;
			path = DocUpdate;
			sourceTree = "<group>";
		};
		CC6DF3012F4C247000909430 /* DocUpdateTests */ = {
			isa = PBXFileSystemSynchronizedRootGroup;
			path = DocUpdateTests;
			sourceTree = "<group>";
		};
		CC6DF30B2F4C247000909430 /* DocUpdateUITests */ = {
			isa = PBXFileSystemSynchronizedRootGroup;
			path = DocUpdateUITests;
			sourceTree = "<group>";
		};
/* End PBXFileSystemSynchronizedRootGroup section */

/* Begin PBXFrameworksBuildPhase section */
		CC6DF2EB2F4C246E00909430 /* Frameworks */ = {
			isa = PBXFrameworksBuildPhase;
			buildActionMask = 2147483647;
			files = (
			);
			runOnlyForDeploymentPostprocessing = 0;
		};
		CC6DF2FB2F4C247000909430 /* Frameworks */ = {
			isa = PBXFrameworksBuildPhase;
			buildActionMask = 2147483647;
			files = (
			);
			runOnlyForDeploymentPostprocessing = 0;
		};
		CC6DF3052F4C247000909430 /* Frameworks */ = {
			isa = PBXFrameworksBuildPhase;
			buildActionMask = 2147483647;
			files = (
			);
			runOnlyForDeploymentPostprocessing = 0;
		};
/* End PBXFrameworksBuildPhase section */

/* Begin PBXGroup section */
		CC6DF2E52F4C246E00909430 = {
			isa = PBXGroup;
			children = (
				CC6DF2F02F4C246E00909430 /* DocUpdate */,
				CC6DF3012F4C247000909430 /* DocUpdateTests */,
				CC6DF30B2F4C247000909430 /* DocUpdateUITests */,
				CC6DF2EF2F4C246E00909430 /* Products */,
			);
			sourceTree = "<group>";
		};
		CC6DF2EF2F4C246E00909430 /* Products */ = {
			isa = PBXGroup;
			children = (
				CC6DF2EE2F4C246E00909430 /* DocUpdate.app */,
				CC6DF2FE2F4C247000909430 /* DocUpdateTests.xctest */,
				CC6DF3082F4C247000909430 /* DocUpdateUITests.xctest */,
			);
			name = Products;
			sourceTree = "<group>";
		};
/* End PBXGroup section */

/* Begin PBXNativeTarget section */
		CC6DF2ED2F4C246E00909430 /* DocUpdate */ = {
			isa = PBXNativeTarget;
			buildConfigurationList = CC6DF3122F4C247000909430 /* Build configuration list for PBXNativeTarget "DocUpdate" */;
			buildPhases = (
				CC6DF2EA2F4C246E00909430 /* Sources */,
				CC6DF2EB2F4C246E00909430 /* Frameworks */,
				CC6DF2EC2F4C246E00909430 /* Resources */,
			);
			buildRules = (
			);
			dependencies = (
			);
			fileSystemSynchronizedGroups = (
				CC6DF2F02F4C246E00909430 /* DocUpdate */,
			);
			name = DocUpdate;
			packageProductDependencies = (
			);
			productName = DocUpdate;
			productReference = CC6DF2EE2F4C246E00909430 /* DocUpdate.app */;
			productType = "com.apple.product-type.application";
		};
		CC6DF2FD2F4C247000909430 /* DocUpdateTests */ = {
			isa = PBXNativeTarget;
			buildConfigurationList = CC6DF3152F4C247000909430 /* Build configuration list for PBXNativeTarget "DocUpdateTests" */;
			buildPhases = (
				CC6DF2FA2F4C247000909430 /* Sources */,
				CC6DF2FB2F4C247000909430 /* Frameworks */,
				CC6DF2FC2F4C247000909430 /* Resources */,
			);
			buildRules = (
			);
			dependencies = (
				CC6DF3002F4C247000909430 /* PBXTargetDependency */,
			);
			fileSystemSynchronizedGroups = (
				CC6DF3012F4C247000909430 /* DocUpdateTests */,
			);
			name = DocUpdateTests;
			packageProductDependencies = (
			);
			productName = DocUpdateTests;
			productReference = CC6DF2FE2F4C247000909430 /* DocUpdateTests.xctest */;
			productType = "com.apple.product-type.bundle.unit-test";
		};
		CC6DF3072F4C247000909430 /* DocUpdateUITests */ = {
			isa = PBXNativeTarget;
			buildConfigurationList = CC6DF3182F4C247000909430 /* Build configuration list for PBXNativeTarget "DocUpdateUITests" */;
			buildPhases = (
				CC6DF3042F4C247000909430 /* Sources */,
				CC6DF3052F4C247000909430 /* Frameworks */,
				CC6DF3062F4C247000909430 /* Resources */,
			);
			buildRules = (
			);
			dependencies = (
				CC6DF30A2F4C247000909430 /* PBXTargetDependency */,
			);
			fileSystemSynchronizedGroups = (
				CC6DF30B2F4C247000909430 /* DocUpdateUITests */,
			);
			name = DocUpdateUITests;
			packageProductDependencies = (
			);
			productName = DocUpdateUITests;
			productReference = CC6DF3082F4C247000909430 /* DocUpdateUITests.xctest */;
			productType = "com.apple.product-type.bundle.ui-testing";
		};
/* End PBXNativeTarget section */

/* Begin PBXProject section */
		CC6DF2E62F4C246E00909430 /* Project object */ = {
			isa = PBXProject;
			attributes = {
				BuildIndependentTargetsInParallel = 1;
				LastSwiftUpdateCheck = 1620;
				LastUpgradeCheck = 1620;
				TargetAttributes = {
					CC6DF2ED2F4C246E00909430 = {
						CreatedOnToolsVersion = 16.2;
					};
					CC6DF2FD2F4C247000909430 = {
						CreatedOnToolsVersion = 16.2;
						TestTargetID = CC6DF2ED2F4C246E00909430;
					};
					CC6DF3072F4C247000909430 = {
						CreatedOnToolsVersion = 16.2;
						TestTargetID = CC6DF2ED2F4C246E00909430;
					};
				};
			};
			buildConfigurationList = CC6DF2E92F4C246E00909430 /* Build configuration list for PBXProject "DocUpdate" */;
			developmentRegion = en;
			hasScannedForEncodings = 0;
			knownRegions = (
				en,
				Base,
			);
			mainGroup = CC6DF2E52F4C246E00909430;
			minimizedProjectReferenceProxies = 1;
			preferredProjectObjectVersion = 77;
			productRefGroup = CC6DF2EF2F4C246E00909430 /* Products */;
			projectDirPath = "";
			projectRoot = "";
			targets = (
				CC6DF2ED2F4C246E00909430 /* DocUpdate */,
				CC6DF2FD2F4C247000909430 /* DocUpdateTests */,
				CC6DF3072F4C247000909430 /* DocUpdateUITests */,
			);
		};
/* End PBXProject section */

/* Begin PBXResourcesBuildPhase section */
		CC6DF2EC2F4C246E00909430 /* Resources */ = {
			isa = PBXResourcesBuildPhase;
			buildActionMask = 2147483647;
			files = (
			);
			runOnlyForDeploymentPostprocessing = 0;
		};
		CC6DF2FC2F4C247000909430 /* Resources */ = {
			isa = PBXResourcesBuildPhase;
			buildActionMask = 2147483647;
			files = (
			);
			runOnlyForDeploymentPostprocessing = 0;
		};
		CC6DF3062F4C247000909430 /* Resources */ = {
			isa = PBXResourcesBuildPhase;
			buildActionMask = 2147483647;
			files = (
			);
			runOnlyForDeploymentPostprocessing = 0;
		};
/* End PBXResourcesBuildPhase section */

/* Begin PBXSourcesBuildPhase section */
		CC6DF2EA2F4C246E00909430 /* Sources */ = {
			isa = PBXSourcesBuildPhase;
			buildActionMask = 2147483647;
			files = (
			);
			runOnlyForDeploymentPostprocessing = 0;
		};
		CC6DF2FA2F4C247000909430 /* Sources */ = {
			isa = PBXSourcesBuildPhase;
			buildActionMask = 2147483647;
			files = (
			);
			runOnlyForDeploymentPostprocessing = 0;
		};
		CC6DF3042F4C247000909430 /* Sources */ = {
			isa = PBXSourcesBuildPhase;
			buildActionMask = 2147483647;
			files = (
			);
			runOnlyForDeploymentPostprocessing = 0;
		};
/* End PBXSourcesBuildPhase section */

/* Begin PBXTargetDependency section */
		CC6DF3002F4C247000909430 /* PBXTargetDependency */ = {
			isa = PBXTargetDependency;
			target = CC6DF2ED2F4C246E00909430 /* DocUpdate */;
			targetProxy = CC6DF2FF2F4C247000909430 /* PBXContainerItemProxy */;
		};
		CC6DF30A2F4C247000909430 /* PBXTargetDependency */ = {
			isa = PBXTargetDependency;
			target = CC6DF2ED2F4C246E00909430 /* DocUpdate */;
			targetProxy = CC6DF3092F4C247000909430 /* PBXContainerItemProxy */;
		};
/* End PBXTargetDependency section */

/* Begin XCBuildConfiguration section */
		CC6DF3102F4C247000909430 /* Debug */ = {
			isa = XCBuildConfiguration;
			buildSettings = {
				ALWAYS_SEARCH_USER_PATHS = NO;
				ASSETCATALOG_COMPILER_GENERATE_SWIFT_ASSET_SYMBOL_EXTENSIONS = YES;
				CLANG_ANALYZER_NONNULL = YES;
				CLANG_ANALYZER_NUMBER_OBJECT_CONVERSION = YES_AGGRESSIVE;
				CLANG_CXX_LANGUAGE_STANDARD = "gnu++20";
				CLANG_ENABLE_MODULES = YES;
				CLANG_ENABLE_OBJC_ARC = YES;
				CLANG_ENABLE_OBJC_WEAK = YES;
				CLANG_WARN_BLOCK_CAPTURE_AUTORELEASING = YES;
				CLANG_WARN_BOOL_CONVERSION = YES;
				CLANG_WARN_COMMA = YES;
				CLANG_WARN_CONSTANT_CONVERSION = YES;
				CLANG_WARN_DEPRECATED_OBJC_IMPLEMENTATIONS = YES;
				CLANG_WARN_DIRECT_OBJC_ISA_USAGE = YES_ERROR;
				CLANG_WARN_DOCUMENTATION_COMMENTS = YES;
				CLANG_WARN_EMPTY_BODY = YES;
				CLANG_WARN_ENUM_CONVERSION = YES;
				CLANG_WARN_INFINITE_RECURSION = YES;
				CLANG_WARN_INT_CONVERSION = YES;
				CLANG_WARN_NON_LITERAL_NULL_CONVERSION = YES;
				CLANG_WARN_OBJC_IMPLICIT_RETAIN_SELF = YES;
				CLANG_WARN_OBJC_LITERAL_CONVERSION = YES;
				CLANG_WARN_OBJC_ROOT_CLASS = YES_ERROR;
				CLANG_WARN_QUOTED_INCLUDE_IN_FRAMEWORK_HEADER = YES;
				CLANG_WARN_RANGE_LOOP_ANALYSIS = YES;
				CLANG_WARN_STRICT_PROTOTYPES = YES;
				CLANG_WARN_SUSPICIOUS_MOVE = YES;
				CLANG_WARN_UNGUARDED_AVAILABILITY = YES_AGGRESSIVE;
				CLANG_WARN_UNREACHABLE_CODE = YES;
				CLANG_WARN__DUPLICATE_METHOD_MATCH = YES;
				COPY_PHASE_STRIP = NO;
				DEBUG_INFORMATION_FORMAT = dwarf;
				ENABLE_STRICT_OBJC_MSGSEND = YES;
				ENABLE_TESTABILITY = YES;
				ENABLE_USER_SCRIPT_SANDBOXING = YES;
				GCC_C_LANGUAGE_STANDARD = gnu17;
				GCC_DYNAMIC_NO_PIC = NO;
				GCC_NO_COMMON_BLOCKS = YES;
				GCC_OPTIMIZATION_LEVEL = 0;
				GCC_PREPROCESSOR_DEFINITIONS = (
					"DEBUG=1",
					"$(inherited)",
				);
				GCC_WARN_64_TO_32_BIT_CONVERSION = YES;
				GCC_WARN_ABOUT_RETURN_TYPE = YES_ERROR;
				GCC_WARN_UNDECLARED_SELECTOR = YES;
				GCC_WARN_UNINITIALIZED_AUTOS = YES_AGGRESSIVE;
				GCC_WARN_UNUSED_FUNCTION = YES;
				GCC_WARN_UNUSED_VARIABLE = YES;
				IPHONEOS_DEPLOYMENT_TARGET = 18.2;
				LOCALIZATION_PREFERS_STRING_CATALOGS = YES;
				MTL_ENABLE_DEBUG_INFO = INCLUDE_SOURCE;
				MTL_FAST_MATH = YES;
				ONLY_ACTIVE_ARCH = YES;
				SDKROOT = iphoneos;
				SWIFT_ACTIVE_COMPILATION_CONDITIONS = "DEBUG $(inherited)";
				SWIFT_OPTIMIZATION_LEVEL = "-Onone";
			};
			name = Debug;
		};
		CC6DF3112F4C247000909430 /* Release */ = {
			isa = XCBuildConfiguration;
			buildSettings = {
				ALWAYS_SEARCH_USER_PATHS = NO;
				ASSETCATALOG_COMPILER_GENERATE_SWIFT_ASSET_SYMBOL_EXTENSIONS = YES;
				CLANG_ANALYZER_NONNULL = YES;
				CLANG_ANALYZER_NUMBER_OBJECT_CONVERSION = YES_AGGRESSIVE;
				CLANG_CXX_LANGUAGE_STANDARD = "gnu++20";
				CLANG_ENABLE_MODULES = YES;
				CLANG_ENABLE_OBJC_ARC = YES;
				CLANG_ENABLE_OBJC_WEAK = YES;
				CLANG_WARN_BLOCK_CAPTURE_AUTORELEASING = YES;
				CLANG_WARN_BOOL_CONVERSION = YES;
				CLANG_WARN_COMMA = YES;
				CLANG_WARN_CONSTANT_CONVERSION = YES;
				CLANG_WARN_DEPRECATED_OBJC_IMPLEMENTATIONS = YES;
				CLANG_WARN_DIRECT_OBJC_ISA_USAGE = YES_ERROR;
				CLANG_WARN_DOCUMENTATION_COMMENTS = YES;
				CLANG_WARN_EMPTY_BODY = YES;
				CLANG_WARN_ENUM_CONVERSION = YES;
				CLANG_WARN_INFINITE_RECURSION = YES;
				CLANG_WARN_INT_CONVERSION = YES;
				CLANG_WARN_NON_LITERAL_NULL_CONVERSION = YES;
				CLANG_WARN_OBJC_IMPLICIT_RETAIN_SELF = YES;
				CLANG_WARN_OBJC_LITERAL_CONVERSION = YES;
				CLANG_WARN_OBJC_ROOT_CLASS = YES_ERROR;
				CLANG_WARN_QUOTED_INCLUDE_IN_FRAMEWORK_HEADER = YES;
				CLANG_WARN_RANGE_LOOP_ANALYSIS = YES;
				CLANG_WARN_STRICT_PROTOTYPES = YES;
				CLANG_WARN_SUSPICIOUS_MOVE = YES;
				CLANG_WARN_UNGUARDED_AVAILABILITY = YES_AGGRESSIVE;
				CLANG_WARN_UNREACHABLE_CODE = YES;
				CLANG_WARN__DUPLICATE_METHOD_MATCH = YES;
				COPY_PHASE_STRIP = NO;
				DEBUG_INFORMATION_FORMAT = "dwarf-with-dsym";
				ENABLE_NS_ASSERTIONS = NO;
				ENABLE_STRICT_OBJC_MSGSEND = YES;
				ENABLE_USER_SCRIPT_SANDBOXING = YES;
				GCC_C_LANGUAGE_STANDARD = gnu17;
				GCC_NO_COMMON_BLOCKS = YES;
				GCC_WARN_64_TO_32_BIT_CONVERSION = YES;
				GCC_WARN_ABOUT_RETURN_TYPE = YES_ERROR;
				GCC_WARN_UNDECLARED_SELECTOR = YES;
				GCC_WARN_UNINITIALIZED_AUTOS = YES_AGGRESSIVE;
				GCC_WARN_UNUSED_FUNCTION = YES;
				GCC_WARN_UNUSED_VARIABLE = YES;
				IPHONEOS_DEPLOYMENT_TARGET = 18.2;
				LOCALIZATION_PREFERS_STRING_CATALOGS = YES;
				MTL_ENABLE_DEBUG_INFO = NO;
				MTL_FAST_MATH = YES;
				SDKROOT = iphoneos;
				SWIFT_COMPILATION_MODE = wholemodule;
				VALIDATE_PRODUCT = YES;
			};
			name = Release;
		};
		CC6DF3132F4C247000909430 /* Debug */ = {
			isa = XCBuildConfiguration;
			buildSettings = {
				ASSETCATALOG_COMPILER_APPICON_NAME = AppIcon;
				ASSETCATALOG_COMPILER_GLOBAL_ACCENT_COLOR_NAME = AccentColor;
				CODE_SIGN_STYLE = Automatic;
				CURRENT_PROJECT_VERSION = 1;
				DEVELOPMENT_ASSET_PATHS = "\"DocUpdate/Preview Content\"";
				DEVELOPMENT_TEAM = 2K273P6V79;
				ENABLE_PREVIEWS = YES;
				GENERATE_INFOPLIST_FILE = YES;
				INFOPLIST_KEY_UIApplicationSceneManifest_Generation = YES;
				INFOPLIST_KEY_UIApplicationSupportsIndirectInputEvents = YES;
				INFOPLIST_KEY_UILaunchScreen_Generation = YES;
				INFOPLIST_KEY_UISupportedInterfaceOrientations_iPad = "UIInterfaceOrientationPortrait UIInterfaceOrientationPortraitUpsideDown UIInterfaceOrientationLandscapeLeft UIInterfaceOrientationLandscapeRight";
				INFOPLIST_KEY_UISupportedInterfaceOrientations_iPhone = "UIInterfaceOrientationPortrait UIInterfaceOrientationLandscapeLeft UIInterfaceOrientationLandscapeRight";
				LD_RUNPATH_SEARCH_PATHS = (
					"$(inherited)",
					"@executable_path/Frameworks",
				);
				MARKETING_VERSION = 1.0;
				PRODUCT_BUNDLE_IDENTIFIER = com.mbusi.DocUpdate;
				PRODUCT_NAME = "$(TARGET_NAME)";
				SWIFT_EMIT_LOC_STRINGS = YES;
				SWIFT_VERSION = 5.0;
				TARGETED_DEVICE_FAMILY = "1,2";
			};
			name = Debug;
		};
		CC6DF3142F4C247000909430 /* Release */ = {
			isa = XCBuildConfiguration;
			buildSettings = {
				ASSETCATALOG_COMPILER_APPICON_NAME = AppIcon;
				ASSETCATALOG_COMPILER_GLOBAL_ACCENT_COLOR_NAME = AccentColor;
				CODE_SIGN_STYLE = Automatic;
				CURRENT_PROJECT_VERSION = 1;
				DEVELOPMENT_ASSET_PATHS = "\"DocUpdate/Preview Content\"";
				DEVELOPMENT_TEAM = 2K273P6V79;
				ENABLE_PREVIEWS = YES;
				GENERATE_INFOPLIST_FILE = YES;
				INFOPLIST_KEY_UIApplicationSceneManifest_Generation = YES;
				INFOPLIST_KEY_UIApplicationSupportsIndirectInputEvents = YES;
				INFOPLIST_KEY_UILaunchScreen_Generation = YES;
				INFOPLIST_KEY_UISupportedInterfaceOrientations_iPad = "UIInterfaceOrientationPortrait UIInterfaceOrientationPortraitUpsideDown UIInterfaceOrientationLandscapeLeft UIInterfaceOrientationLandscapeRight";
				INFOPLIST_KEY_UISupportedInterfaceOrientations_iPhone = "UIInterfaceOrientationPortrait UIInterfaceOrientationLandscapeLeft UIInterfaceOrientationLandscapeRight";
				LD_RUNPATH_SEARCH_PATHS = (
					"$(inherited)",
					"@executable_path/Frameworks",
				);
				MARKETING_VERSION = 1.0;
				PRODUCT_BUNDLE_IDENTIFIER = com.mbusi.DocUpdate;
				PRODUCT_NAME = "$(TARGET_NAME)";
				SWIFT_EMIT_LOC_STRINGS = YES;
				SWIFT_VERSION = 5.0;
				TARGETED_DEVICE_FAMILY = "1,2";
			};
			name = Release;
		};
		CC6DF3162F4C247000909430 /* Debug */ = {
			isa = XCBuildConfiguration;
			buildSettings = {
				BUNDLE_LOADER = "$(TEST_HOST)";
				CODE_SIGN_STYLE = Automatic;
				CURRENT_PROJECT_VERSION = 1;
				DEVELOPMENT_TEAM = 2K273P6V79;
				GENERATE_INFOPLIST_FILE = YES;
				IPHONEOS_DEPLOYMENT_TARGET = 18.2;
				MARKETING_VERSION = 1.0;
				PRODUCT_BUNDLE_IDENTIFIER = com.mbusi.DocUpdateTests;
				PRODUCT_NAME = "$(TARGET_NAME)";
				SWIFT_EMIT_LOC_STRINGS = NO;
				SWIFT_VERSION = 5.0;
				TARGETED_DEVICE_FAMILY = "1,2";
				TEST_HOST = "$(BUILT_PRODUCTS_DIR)/DocUpdate.app/$(BUNDLE_EXECUTABLE_FOLDER_PATH)/DocUpdate";
			};
			name = Debug;
		};
		CC6DF3172F4C247000909430 /* Release */ = {
			isa = XCBuildConfiguration;
			buildSettings = {
				BUNDLE_LOADER = "$(TEST_HOST)";
				CODE_SIGN_STYLE = Automatic;
				CURRENT_PROJECT_VERSION = 1;
				DEVELOPMENT_TEAM = 2K273P6V79;
				GENERATE_INFOPLIST_FILE = YES;
				IPHONEOS_DEPLOYMENT_TARGET = 18.2;
				MARKETING_VERSION = 1.0;
				PRODUCT_BUNDLE_IDENTIFIER = com.mbusi.DocUpdateTests;
				PRODUCT_NAME = "$(TARGET_NAME)";
				SWIFT_EMIT_LOC_STRINGS = NO;
				SWIFT_VERSION = 5.0;
				TARGETED_DEVICE_FAMILY = "1,2";
				TEST_HOST = "$(BUILT_PRODUCTS_DIR)/DocUpdate.app/$(BUNDLE_EXECUTABLE_FOLDER_PATH)/DocUpdate";
			};
			name = Release;
		};
		CC6DF3192F4C247000909430 /* Debug */ = {
			isa = XCBuildConfiguration;
			buildSettings = {
				CODE_SIGN_STYLE = Automatic;
				CURRENT_PROJECT_VERSION = 1;
				DEVELOPMENT_TEAM = 2K273P6V79;
				GENERATE_INFOPLIST_FILE = YES;
				MARKETING_VERSION = 1.0;
				PRODUCT_BUNDLE_IDENTIFIER = com.mbusi.DocUpdateUITests;
				PRODUCT_NAME = "$(TARGET_NAME)";
				SWIFT_EMIT_LOC_STRINGS = NO;
				SWIFT_VERSION = 5.0;
				TARGETED_DEVICE_FAMILY = "1,2";
				TEST_TARGET_NAME = DocUpdate;
			};
			name = Debug;
		};
		CC6DF31A2F4C247000909430 /* Release */ = {
			isa = XCBuildConfiguration;
			buildSettings = {
				CODE_SIGN_STYLE = Automatic;
				CURRENT_PROJECT_VERSION = 1;
				DEVELOPMENT_TEAM = 2K273P6V79;
				GENERATE_INFOPLIST_FILE = YES;
				MARKETING_VERSION = 1.0;
				PRODUCT_BUNDLE_IDENTIFIER = com.mbusi.DocUpdateUITests;
				PRODUCT_NAME = "$(TARGET_NAME)";
				SWIFT_EMIT_LOC_STRINGS = NO;
				SWIFT_VERSION = 5.0;
				TARGETED_DEVICE_FAMILY = "1,2";
				TEST_TARGET_NAME = DocUpdate;
			};
			name = Release;
		};
/* End XCBuildConfiguration section */

/* Begin XCConfigurationList section */
		CC6DF2E92F4C246E00909430 /* Build configuration list for PBXProject "DocUpdate" */ = {
			isa = XCConfigurationList;
			buildConfigurations = (
				CC6DF3102F4C247000909430 /* Debug */,
				CC6DF3112F4C247000909430 /* Release */,
			);
			defaultConfigurationIsVisible = 0;
			defaultConfigurationName = Release;
		};
		CC6DF3122F4C247000909430 /* Build configuration list for PBXNativeTarget "DocUpdate" */ = {
			isa = XCConfigurationList;
			buildConfigurations = (
				CC6DF3132F4C247000909430 /* Debug */,
				CC6DF3142F4C247000909430 /* Release */,
			);
			defaultConfigurationIsVisible = 0;
			defaultConfigurationName = Release;
		};
		CC6DF3152F4C247000909430 /* Build configuration list for PBXNativeTarget "DocUpdateTests" */ = {
			isa = XCConfigurationList;
			buildConfigurations = (
				CC6DF3162F4C247000909430 /* Debug */,
				CC6DF3172F4C247000909430 /* Release */,
			);
			defaultConfigurationIsVisible = 0;
			defaultConfigurationName = Release;
		};
		CC6DF3182F4C247000909430 /* Build configuration list for PBXNativeTarget "DocUpdateUITests" */ = {
			isa = XCConfigurationList;
			buildConfigurations = (
				CC6DF3192F4C247000909430 /* Debug */,
				CC6DF31A2F4C247000909430 /* Release */,
			);
			defaultConfigurationIsVisible = 0;
			defaultConfigurationName = Release;
		};
/* End XCConfigurationList section */
	};
	rootObject = CC6DF2E62F4C246E00909430 /* Project object */;
}
